
Microsoft Visual Studio Solution File, Format Version 12.00
# Visual Studio 2012
Project("{FAE04EC0-301F-11D3-BF4B-00C04F79EFBC}") = "Tarea4OperacionesMatematicas", "Tarea4OperacionesMatematicas\Tarea4OperacionesMatematicas.csproj", "{4A48BAFE-F25A-4CA1-8A45-E107910A038B}"
EndProject
Global
	GlobalSection(SolutionConfigurationPlatforms) = preSolution
		Debug|Any CPU = Debug|Any CPU
		Release|Any CPU = Release|Any CPU
	EndGlobalSection
	GlobalSection(ProjectConfigurationPlatforms) = postSolution
		{4A48BAFE-F25A-4CA1-8A45-E107910A038B}.Debug|Any CPU.ActiveCfg = Debug|Any CPU
		{4A48BAFE-F25A-4CA1-8A45-E107910A038B}.Debug|Any CPU.Build.0 = Debug|Any CPU
		{4A48BAFE-F25A-4CA1-8A45-E107910A038B}.Release|Any CPU.ActiveCfg = Release|Any CPU
		{4A48BAFE-F25A-4CA1-8A45-E107910A038B}.Release|Any CPU.Build.0 = Release|Any CPU
	EndGlobalSection
	GlobalSection(SolutionProperties) = preSolution
		HideSolutionNode = FALSE
	EndGlobalSection
EndGlobal
