
Microsoft Visual Studio Solution File, Format Version 12.00
# Visual Studio 2012
Project("{FAE04EC0-301F-11D3-BF4B-00C04F79EFBC}") = "EjercicioMenuSwitch", "EjercicioMenuSwitch\EjercicioMenuSwitch.csproj", "{65D68CFD-98F2-442F-8EBB-30B9B3608FEA}"
EndProject
Global
	GlobalSection(SolutionConfigurationPlatforms) = preSolution
		Debug|Any CPU = Debug|Any CPU
		Release|Any CPU = Release|Any CPU
	EndGlobalSection
	GlobalSection(ProjectConfigurationPlatforms) = postSolution
		{65D68CFD-98F2-442F-8EBB-30B9B3608FEA}.Debug|Any CPU.ActiveCfg = Debug|Any CPU
		{65D68CFD-98F2-442F-8EBB-30B9B3608FEA}.Debug|Any CPU.Build.0 = Debug|Any CPU
		{65D68CFD-98F2-442F-8EBB-30B9B3608FEA}.Release|Any CPU.ActiveCfg = Release|Any CPU
		{65D68CFD-98F2-442F-8EBB-30B9B3608FEA}.Release|Any CPU.Build.0 = Release|Any CPU
	EndGlobalSection
	GlobalSection(SolutionProperties) = preSolution
		HideSolutionNode = FALSE
	EndGlobalSection
EndGlobal
